
Microsoft Visual Studio Solution File, Format Version 12.00
# Visual Studio Version 16
VisualStudioVersion = 16.0.32126.315
MinimumVisualStudioVersion = 10.0.40219.1
Project("{FAE04EC0-301F-11D3-BF4B-00C04F79EFBC}") = "CC_Cyx_Vansnick", "CC_Cyx_Vansnick\CC_Cyx_Vansnick.csproj", "{03318ECC-0E01-4256-98E5-72B062A672F7}"
EndProject
Global
	GlobalSection(SolutionConfigurationPlatforms) = preSolution
		Debug|Any CPU = Debug|Any CPU
		Release|Any CPU = Release|Any CPU
	EndGlobalSection
	GlobalSection(ProjectConfigurationPlatforms) = postSolution
		{03318ECC-0E01-4256-98E5-72B062A672F7}.Debug|Any CPU.ActiveCfg = Debug|Any CPU
		{03318ECC-0E01-4256-98E5-72B062A672F7}.Debug|Any CPU.Build.0 = Debug|Any CPU
		{03318ECC-0E01-4256-98E5-72B062A672F7}.Release|Any CPU.ActiveCfg = Release|Any CPU
		{03318ECC-0E01-4256-98E5-72B062A672F7}.Release|Any CPU.Build.0 = Release|Any CPU
	EndGlobalSection
	GlobalSection(SolutionProperties) = preSolution
		HideSolutionNode = FALSE
	EndGlobalSection
	GlobalSection(ExtensibilityGlobals) = postSolution
		SolutionGuid = {083C7013-388C-46A1-9C8A-CE19E1A46AA9}
	EndGlobalSection
EndGlobal
